Microsoft Visual Studio Solution File, Format Version 12.00
# Visual Studio Version 17
VisualStudioVersion = 17.5.33516.290
MinimumVisualStudioVersion = 10.0.40219.1
Project("{FAE04EC0-301F-11D3-BF4B-00C04F79EFBC}") = "Neogov.AutomationResources", "AutomationResources\Neogov.AutomationResources.csproj", "{5A79A8B7-219A-46BD-9E23-11469F5514C7}"
EndProject
Project("{2150E333-8FDC-42A3-9474-1A3956D46DE8}") = "Solution Items", "Solution Items", "{771655F6-E571-4D9C-8F3C-D70D263605CC}"
EndProject
Project("{FAE04EC0-301F-11D3-BF4B-00C04F79EFBC}") = "Neogov.TestAutomation.UNIFIEDLOGIN", "Neogov.TestAutomation.UnifiedLogin\Neogov.TestAutomation.UNIFIEDLOGIN.csproj", "{F69D3258-3426-461A-A4F7-E3205AA3D06D}"
EndProject
Project("{FAE04EC0-301F-11D3-BF4B-00C04F79EFBC}") = "Neogov.TestAutomation.HUMAN RESOURCES", "Neogov.TestAutomation.HRIS\Neogov.TestAutomation.HUMAN RESOURCES.csproj", "{E5CA6675-F497-421A-8FFD-AD671EF4F5AF}"
EndProject
Project("{FAE04EC0-301F-11D3-BF4B-00C04F79EFBC}") = "Neogov.TestAutomation.ONBOARD", "Neogov.TestAutomation.OnBoard\Neogov.TestAutomation.ONBOARD.csproj", "{FDF094AA-9149-414B-9F83-8176506F6E42}"
EndProject
Project("{FAE04EC0-301F-11D3-BF4B-00C04F79EFBC}") = "Neogov.TestAutomation.LEARN", "Neogov.TestAutomation.LEARN\Neogov.TestAutomation.LEARN.csproj", "{90752843-3EF0-4AFB-B9FF-825A9A6500E1}"
EndProject
Project("{FAE04EC0-301F-11D3-BF4B-00C04F79EFBC}") = "Neogov.TestAutomation.EFORMS", "Neogov.TestAutomation.EFORMS\Neogov.TestAutomation.EFORMS.csproj", "{C2E1C22A-AC08-44CE-989F-935922DED52C}"
EndProject
Project("{FAE04EC0-301F-11D3-BF4B-00C04F79EFBC}") = "Neogov.TestAutomation.ADMINCENTER", "Neogov.TestAutomation.AdminCenter\Neogov.TestAutomation.ADMINCENTER.csproj", "{C25D1A26-06AF-4CD7-8734-F8C396C88D6F}"
EndProject
Project("{FAE04EC0-301F-11D3-BF4B-00C04F79EFBC}") = "Neogov.TestAutomation.UIUX", "neogov.TestAutomation.UIUX\Neogov.TestAutomation.UIUX.csproj", "{58DCE347-9F1C-49FC-AF4B-BC4729435138}"
EndProject
Project("{FAE04EC0-301F-11D3-BF4B-00C04F79EFBC}") = "Neogov.TestAutomation.ANALYTICS", "Neogov.TestAutomation.ANALYTICS\Neogov.TestAutomation.ANALYTICS.csproj", "{DA369E83-4F52-4066-AB80-5A70BA4D89D2}"
EndProject
Project("{FAE04EC0-301F-11D3-BF4B-00C04F79EFBC}") = "Neogov.TestAutomation.JOBSEEKER", "Neogov.TestAutomation.JobSeeker\Neogov.TestAutomation.JOBSEEKER.csproj", "{C2676609-BD41-4E0D-8804-C20C6E7EC4C4}"
EndProject
Project("{FAE04EC0-301F-11D3-BF4B-00C04F79EFBC}") = "Neogov.TestAutomation.ONLINEAPPS", "Neogov.TestAutomation.ONLINEAPPS\Neogov.TestAutomation.ONLINEAPPS.csproj", "{E01F6A95-ADFF-4BFC-84D3-0AA5278EE5B8}"
EndProject
Project("{FAE04EC0-301F-11D3-BF4B-00C04F79EFBC}") = "Neogov.TestAutomation.INSIGHT", "Neogov.TestAutomation.INSIGHT\Neogov.TestAutomation.INSIGHT.csproj", "{52D044A7-E5B8-48F4-B5B7-2B3091908A7B}"
EndProject
Project("{FAE04EC0-301F-11D3-BF4B-00C04F79EFBC}") = "Neogov.TestAutomation.PERFORM", "Neogov.TestAutomation.Perform\Neogov.TestAutomation.PERFORM.csproj", "{E6B988C9-28D9-4C0D-ACC5-27691FD40A0F}"
EndProject
Project("{FAE04EC0-301F-11D3-BF4B-00C04F79EFBC}") = "Neogov.TestAutomation.InsightLite", "Neogov.TestAutomation.INSIGHTLITE\Neogov.TestAutomation.InsightLite.csproj", "{FF60B557-89C7-406D-AD2D-6F9FE081667D}"
EndProject
Project("{FAE04EC0-301F-11D3-BF4B-00C04F79EFBC}") = "Neogov.TestAutomation.SALARYSTUDY", "Neogov.Automation.INSIGHT LITE\Neogov.TestAutomation.SALARYSTUDY.csproj", "{44FF94A3-FF6F-4EF6-AE33-DEBDE307888B}"
EndProject
Project("{FAE04EC0-301F-11D3-BF4B-00C04F79EFBC}") = "Neogov.TestAutomation.TIME AND ATTENDANCE", "Neogov.TestAutomation.TIME AND ATTENDANCE\Neogov.TestAutomation.TIME AND ATTENDANCE.csproj", "{A80372FF-0FC7-4193-8935-FE0EDE5EEDED}"
EndProject
Project("{FAE04EC0-301F-11D3-BF4B-00C04F79EFBC}") = "Neogov.TestAutomation.EMPLOYEE SELF SERVICE", "Neogov.TestAutomation.EMPLOYEE SELF SERVICE\Neogov.TestAutomation.EMPLOYEE SELF SERVICE.csproj", "{0F3C9D2B-2CC4-4CFF-BF48-8AE6A9789351}"
EndProject
Project("{FAE04EC0-301F-11D3-BF4B-00C04F79EFBC}") = "Neogov.TestAutomation.HIGHLINE", "Neogov.TestAutomation.HIGHLINE\Neogov.TestAutomation.HIGHLINE.csproj", "{E068C63B-80D9-43DA-A421-67DBFB73FB73}"
EndProject
Project("{FAE04EC0-301F-11D3-BF4B-00C04F79EFBC}") = "Neogov.TestAutomation.BENEFITS", "Neogov.TestAutomation.BENEFITS\Neogov.TestAutomation.BENEFITS.csproj", "{694471A0-4460-4C8E-83A2-27481CFA39F8}"
EndProject
Project("{FAE04EC0-301F-11D3-BF4B-00C04F79EFBC}") = "Neogov.TestAutomation.PAYROLL", "Neogov.TestAutomation.PAYROLL\Neogov.TestAutomation.PAYROLL.csproj", "{9D9ACD0A-7212-434D-8FF2-014A2DE83A7B}"
EndProject
Project("{FAE04EC0-301F-11D3-BF4B-00C04F79EFBC}") = "Neogov.TestAutomation.SURVEY", "Neogov.TestAutomation.SURVEY\Neogov.TestAutomation.SURVEY.csproj", "{942BA435-458C-4445-AD8A-9130935B5F2A}"
EndProject
Project("{FAE04EC0-301F-11D3-BF4B-00C04F79EFBC}") = "Neogov.TestAutomation.UNIFIEDSUITE", "Neogov.TestAutomation.UNIFIEDSUITE\Neogov.TestAutomation.UNIFIEDSUITE.csproj", "{40E00B01-3ED2-417C-BBAA-58D6C9EAC48F}"
EndProject
Project("{FAE04EC0-301F-11D3-BF4B-00C04F79EFBC}") = "Neogov.TestAutomation.INTEGRATION.TESTING", "Neogov.TestAutomation.INTEGRATION.TESTING\Neogov.TestAutomation.INTEGRATION.TESTING.csproj", "{72BF8E2B-D3C1-4B84-9EF0-8E84F5CC95F1}"
EndProject
Project("{9A19103F-16F7-4668-BE54-9A1E7A4F7556}") = "NeoGo.TestAutomation.UnifiedSuite", "NeoGo.TestAutomtion.UnifiedSuite\NeoGo.TestAutomation.UnifiedSuite.csproj", "{E1ABFA86-8719-4A28-8717-288BC43776AB}"
EndProject
Project("{FAE04EC0-301F-11D3-BF4B-00C04F79EFBC}") = "Neogov.TestAutomation.Wel", "Neogov.TestAutomation.Wel\Neogov.TestAutomation.Wel.csproj", "{7B3E380A-6DCA-4DE1-BC62-868B17CDEF3C}"
EndProject
Project("{FAE04EC0-301F-11D3-BF4B-00C04F79EFBC}") = "Neogov.TestAutomation.POWERFTO", "Neogov.TestAutomation.POWERFTO\Neogov.TestAutomation.POWERFTO.csproj", "{002AC930-3299-489E-8451-EEC751D951DC}"
EndProject
Project("{FAE04EC0-301F-11D3-BF4B-00C04F79EFBC}") = "Neogov.TestAutomation.Talentlyft", "Neogov.TestAutomation.Talentlyft\Neogov.TestAutomation.Talentlyft.csproj", "{A9939B77-7C73-40A1-B4FD-8A660367B9BC}"
EndProject
Project("{FAE04EC0-301F-11D3-BF4B-00C04F79EFBC}") = "Neogov.TestAutomation.PowerAccred", "Neogov.TestAutomation.PowerAccred\Neogov.TestAutomation.PowerAccred.csproj", "{8E534491-55C9-40CF-9CF6-87924D8844B8}"
EndProject
Project("{FAE04EC0-301F-11D3-BF4B-00C04F79EFBC}") = "Neogov.TestAutomation.POWERENGAGE", "Neogov.TestAutomation.POWERENGAGE\Neogov.TestAutomation.POWERENGAGE.csproj", "{3D7126F5-E959-4C2D-9DE8-D1BA10F58819}"
EndProject
Project("{FAE04EC0-301F-11D3-BF4B-00C04F79EFBC}") = "Neogov.TestAutomation.OHC", "Neogov.TestAutomation.OHC\Neogov.TestAutomation.OHC.csproj", "{F8E6CFC6-0D51-41B1-A715-CEBEB177206E}"
EndProject
Global
	GlobalSection(SolutionConfigurationPlatforms) = preSolution
		Debug|Any CPU = Debug|Any CPU
		Debug|x86 = Debug|x86
		Release|Any CPU = Release|Any CPU
		Release|x86 = Release|x86
	EndGlobalSection
	GlobalSection(ProjectConfigurationPlatforms) = postSolution
		{5A79A8B7-219A-46BD-9E23-11469F5514C7}.Debug|Any CPU.ActiveCfg = Debug|Any CPU
		{5A79A8B7-219A-46BD-9E23-11469F5514C7}.Debug|Any CPU.Build.0 = Debug|Any CPU
		{5A79A8B7-219A-46BD-9E23-11469F5514C7}.Debug|x86.ActiveCfg = Debug|Any CPU
		{5A79A8B7-219A-46BD-9E23-11469F5514C7}.Debug|x86.Build.0 = Debug|Any CPU
		{5A79A8B7-219A-46BD-9E23-11469F5514C7}.Release|Any CPU.ActiveCfg = Release|Any CPU
		{5A79A8B7-219A-46BD-9E23-11469F5514C7}.Release|Any CPU.Build.0 = Release|Any CPU
		{5A79A8B7-219A-46BD-9E23-11469F5514C7}.Release|x86.ActiveCfg = Release|x86
		{5A79A8B7-219A-46BD-9E23-11469F5514C7}.Release|x86.Build.0 = Release|x86
		{F69D3258-3426-461A-A4F7-E3205AA3D06D}.Debug|Any CPU.ActiveCfg = Debug|Any CPU
		{F69D3258-3426-461A-A4F7-E3205AA3D06D}.Debug|Any CPU.Build.0 = Debug|Any CPU
		{F69D3258-3426-461A-A4F7-E3205AA3D06D}.Debug|x86.ActiveCfg = Debug|Any CPU
		{F69D3258-3426-461A-A4F7-E3205AA3D06D}.Debug|x86.Build.0 = Debug|Any CPU
		{F69D3258-3426-461A-A4F7-E3205AA3D06D}.Release|Any CPU.ActiveCfg = Release|Any CPU
		{F69D3258-3426-461A-A4F7-E3205AA3D06D}.Release|Any CPU.Build.0 = Release|Any CPU
		{F69D3258-3426-461A-A4F7-E3205AA3D06D}.Release|x86.ActiveCfg = Release|Any CPU
		{F69D3258-3426-461A-A4F7-E3205AA3D06D}.Release|x86.Build.0 = Release|Any CPU
		{E5CA6675-F497-421A-8FFD-AD671EF4F5AF}.Debug|Any CPU.ActiveCfg = Debug|Any CPU
		{E5CA6675-F497-421A-8FFD-AD671EF4F5AF}.Debug|Any CPU.Build.0 = Debug|Any CPU
		{E5CA6675-F497-421A-8FFD-AD671EF4F5AF}.Debug|x86.ActiveCfg = Debug|Any CPU
		{E5CA6675-F497-421A-8FFD-AD671EF4F5AF}.Debug|x86.Build.0 = Debug|Any CPU
		{E5CA6675-F497-421A-8FFD-AD671EF4F5AF}.Release|Any CPU.ActiveCfg = Release|Any CPU
		{E5CA6675-F497-421A-8FFD-AD671EF4F5AF}.Release|Any CPU.Build.0 = Release|Any CPU
		{E5CA6675-F497-421A-8FFD-AD671EF4F5AF}.Release|x86.ActiveCfg = Release|Any CPU
		{E5CA6675-F497-421A-8FFD-AD671EF4F5AF}.Release|x86.Build.0 = Release|Any CPU
		{FDF094AA-9149-414B-9F83-8176506F6E42}.Debug|Any CPU.ActiveCfg = Debug|Any CPU
		{FDF094AA-9149-414B-9F83-8176506F6E42}.Debug|Any CPU.Build.0 = Debug|Any CPU
		{FDF094AA-9149-414B-9F83-8176506F6E42}.Debug|x86.ActiveCfg = Debug|Any CPU
		{FDF094AA-9149-414B-9F83-8176506F6E42}.Debug|x86.Build.0 = Debug|Any CPU
		{FDF094AA-9149-414B-9F83-8176506F6E42}.Release|Any CPU.ActiveCfg = Release|Any CPU
		{FDF094AA-9149-414B-9F83-8176506F6E42}.Release|Any CPU.Build.0 = Release|Any CPU
		{FDF094AA-9149-414B-9F83-8176506F6E42}.Release|x86.ActiveCfg = Release|Any CPU
		{FDF094AA-9149-414B-9F83-8176506F6E42}.Release|x86.Build.0 = Release|Any CPU
		{90752843-3EF0-4AFB-B9FF-825A9A6500E1}.Debug|Any CPU.ActiveCfg = Debug|Any CPU
		{90752843-3EF0-4AFB-B9FF-825A9A6500E1}.Debug|Any CPU.Build.0 = Debug|Any CPU
		{90752843-3EF0-4AFB-B9FF-825A9A6500E1}.Debug|x86.ActiveCfg = Debug|Any CPU
		{90752843-3EF0-4AFB-B9FF-825A9A6500E1}.Debug|x86.Build.0 = Debug|Any CPU
		{90752843-3EF0-4AFB-B9FF-825A9A6500E1}.Release|Any CPU.ActiveCfg = Release|Any CPU
		{90752843-3EF0-4AFB-B9FF-825A9A6500E1}.Release|Any CPU.Build.0 = Release|Any CPU
		{90752843-3EF0-4AFB-B9FF-825A9A6500E1}.Release|x86.ActiveCfg = Release|Any CPU
		{90752843-3EF0-4AFB-B9FF-825A9A6500E1}.Release|x86.Build.0 = Release|Any CPU
		{C2E1C22A-AC08-44CE-989F-935922DED52C}.Debug|Any CPU.ActiveCfg = Debug|Any CPU
		{C2E1C22A-AC08-44CE-989F-935922DED52C}.Debug|Any CPU.Build.0 = Debug|Any CPU
		{C2E1C22A-AC08-44CE-989F-935922DED52C}.Debug|x86.ActiveCfg = Debug|Any CPU
		{C2E1C22A-AC08-44CE-989F-935922DED52C}.Debug|x86.Build.0 = Debug|Any CPU
		{C2E1C22A-AC08-44CE-989F-935922DED52C}.Release|Any CPU.ActiveCfg = Release|Any CPU
		{C2E1C22A-AC08-44CE-989F-935922DED52C}.Release|Any CPU.Build.0 = Release|Any CPU
		{C2E1C22A-AC08-44CE-989F-935922DED52C}.Release|x86.ActiveCfg = Release|Any CPU
		{C2E1C22A-AC08-44CE-989F-935922DED52C}.Release|x86.Build.0 = Release|Any CPU
		{C25D1A26-06AF-4CD7-8734-F8C396C88D6F}.Debug|Any CPU.ActiveCfg = Debug|Any CPU
		{C25D1A26-06AF-4CD7-8734-F8C396C88D6F}.Debug|Any CPU.Build.0 = Debug|Any CPU
		{C25D1A26-06AF-4CD7-8734-F8C396C88D6F}.Debug|x86.ActiveCfg = Debug|Any CPU
		{C25D1A26-06AF-4CD7-8734-F8C396C88D6F}.Debug|x86.Build.0 = Debug|Any CPU
		{C25D1A26-06AF-4CD7-8734-F8C396C88D6F}.Release|Any CPU.ActiveCfg = Release|Any CPU
		{C25D1A26-06AF-4CD7-8734-F8C396C88D6F}.Release|Any CPU.Build.0 = Release|Any CPU
		{C25D1A26-06AF-4CD7-8734-F8C396C88D6F}.Release|x86.ActiveCfg = Release|Any CPU
		{C25D1A26-06AF-4CD7-8734-F8C396C88D6F}.Release|x86.Build.0 = Release|Any CPU
		{58DCE347-9F1C-49FC-AF4B-BC4729435138}.Debug|Any CPU.ActiveCfg = Debug|Any CPU
		{58DCE347-9F1C-49FC-AF4B-BC4729435138}.Debug|Any CPU.Build.0 = Debug|Any CPU
		{58DCE347-9F1C-49FC-AF4B-BC4729435138}.Debug|x86.ActiveCfg = Debug|Any CPU
		{58DCE347-9F1C-49FC-AF4B-BC4729435138}.Debug|x86.Build.0 = Debug|Any CPU
		{58DCE347-9F1C-49FC-AF4B-BC4729435138}.Release|Any CPU.ActiveCfg = Release|Any CPU
		{58DCE347-9F1C-49FC-AF4B-BC4729435138}.Release|Any CPU.Build.0 = Release|Any CPU
		{58DCE347-9F1C-49FC-AF4B-BC4729435138}.Release|x86.ActiveCfg = Release|Any CPU
		{58DCE347-9F1C-49FC-AF4B-BC4729435138}.Release|x86.Build.0 = Release|Any CPU
		{DA369E83-4F52-4066-AB80-5A70BA4D89D2}.Debug|Any CPU.ActiveCfg = Debug|Any CPU
		{DA369E83-4F52-4066-AB80-5A70BA4D89D2}.Debug|Any CPU.Build.0 = Debug|Any CPU
		{DA369E83-4F52-4066-AB80-5A70BA4D89D2}.Debug|x86.ActiveCfg = Debug|Any CPU
		{DA369E83-4F52-4066-AB80-5A70BA4D89D2}.Debug|x86.Build.0 = Debug|Any CPU
		{DA369E83-4F52-4066-AB80-5A70BA4D89D2}.Release|Any CPU.ActiveCfg = Release|Any CPU
		{DA369E83-4F52-4066-AB80-5A70BA4D89D2}.Release|Any CPU.Build.0 = Release|Any CPU
		{DA369E83-4F52-4066-AB80-5A70BA4D89D2}.Release|x86.ActiveCfg = Release|Any CPU
		{DA369E83-4F52-4066-AB80-5A70BA4D89D2}.Release|x86.Build.0 = Release|Any CPU
		{C2676609-BD41-4E0D-8804-C20C6E7EC4C4}.Debug|Any CPU.ActiveCfg = Debug|Any CPU
		{C2676609-BD41-4E0D-8804-C20C6E7EC4C4}.Debug|Any CPU.Build.0 = Debug|Any CPU
		{C2676609-BD41-4E0D-8804-C20C6E7EC4C4}.Debug|x86.ActiveCfg = Debug|Any CPU
		{C2676609-BD41-4E0D-8804-C20C6E7EC4C4}.Debug|x86.Build.0 = Debug|Any CPU
		{C2676609-BD41-4E0D-8804-C20C6E7EC4C4}.Release|Any CPU.ActiveCfg = Release|Any CPU
		{C2676609-BD41-4E0D-8804-C20C6E7EC4C4}.Release|Any CPU.Build.0 = Release|Any CPU
		{C2676609-BD41-4E0D-8804-C20C6E7EC4C4}.Release|x86.ActiveCfg = Release|Any CPU
		{C2676609-BD41-4E0D-8804-C20C6E7EC4C4}.Release|x86.Build.0 = Release|Any CPU
		{E01F6A95-ADFF-4BFC-84D3-0AA5278EE5B8}.Debug|Any CPU.ActiveCfg = Debug|Any CPU
		{E01F6A95-ADFF-4BFC-84D3-0AA5278EE5B8}.Debug|Any CPU.Build.0 = Debug|Any CPU
		{E01F6A95-ADFF-4BFC-84D3-0AA5278EE5B8}.Debug|x86.ActiveCfg = Debug|Any CPU
		{E01F6A95-ADFF-4BFC-84D3-0AA5278EE5B8}.Debug|x86.Build.0 = Debug|Any CPU
		{E01F6A95-ADFF-4BFC-84D3-0AA5278EE5B8}.Release|Any CPU.ActiveCfg = Release|Any CPU
		{E01F6A95-ADFF-4BFC-84D3-0AA5278EE5B8}.Release|Any CPU.Build.0 = Release|Any CPU
		{E01F6A95-ADFF-4BFC-84D3-0AA5278EE5B8}.Release|x86.ActiveCfg = Release|Any CPU
		{E01F6A95-ADFF-4BFC-84D3-0AA5278EE5B8}.Release|x86.Build.0 = Release|Any CPU
		{52D044A7-E5B8-48F4-B5B7-2B3091908A7B}.Debug|Any CPU.ActiveCfg = Debug|Any CPU
		{52D044A7-E5B8-48F4-B5B7-2B3091908A7B}.Debug|Any CPU.Build.0 = Debug|Any CPU
		{52D044A7-E5B8-48F4-B5B7-2B3091908A7B}.Debug|x86.ActiveCfg = Debug|Any CPU
		{52D044A7-E5B8-48F4-B5B7-2B3091908A7B}.Debug|x86.Build.0 = Debug|Any CPU
		{52D044A7-E5B8-48F4-B5B7-2B3091908A7B}.Release|Any CPU.ActiveCfg = Release|Any CPU
		{52D044A7-E5B8-48F4-B5B7-2B3091908A7B}.Release|Any CPU.Build.0 = Release|Any CPU
		{52D044A7-E5B8-48F4-B5B7-2B3091908A7B}.Release|x86.ActiveCfg = Release|Any CPU
		{52D044A7-E5B8-48F4-B5B7-2B3091908A7B}.Release|x86.Build.0 = Release|Any CPU
		{E6B988C9-28D9-4C0D-ACC5-27691FD40A0F}.Debug|Any CPU.ActiveCfg = Debug|Any CPU
		{E6B988C9-28D9-4C0D-ACC5-27691FD40A0F}.Debug|Any CPU.Build.0 = Debug|Any CPU
		{E6B988C9-28D9-4C0D-ACC5-27691FD40A0F}.Debug|x86.ActiveCfg = Debug|Any CPU
		{E6B988C9-28D9-4C0D-ACC5-27691FD40A0F}.Debug|x86.Build.0 = Debug|Any CPU
		{E6B988C9-28D9-4C0D-ACC5-27691FD40A0F}.Release|Any CPU.ActiveCfg = Release|Any CPU
		{E6B988C9-28D9-4C0D-ACC5-27691FD40A0F}.Release|Any CPU.Build.0 = Release|Any CPU
		{E6B988C9-28D9-4C0D-ACC5-27691FD40A0F}.Release|x86.ActiveCfg = Release|Any CPU
		{E6B988C9-28D9-4C0D-ACC5-27691FD40A0F}.Release|x86.Build.0 = Release|Any CPU
		{FF60B557-89C7-406D-AD2D-6F9FE081667D}.Debug|Any CPU.ActiveCfg = Debug|Any CPU
		{FF60B557-89C7-406D-AD2D-6F9FE081667D}.Debug|Any CPU.Build.0 = Debug|Any CPU
		{FF60B557-89C7-406D-AD2D-6F9FE081667D}.Debug|x86.ActiveCfg = Debug|Any CPU
		{FF60B557-89C7-406D-AD2D-6F9FE081667D}.Debug|x86.Build.0 = Debug|Any CPU
		{FF60B557-89C7-406D-AD2D-6F9FE081667D}.Release|Any CPU.ActiveCfg = Release|Any CPU
		{FF60B557-89C7-406D-AD2D-6F9FE081667D}.Release|Any CPU.Build.0 = Release|Any CPU
		{FF60B557-89C7-406D-AD2D-6F9FE081667D}.Release|x86.ActiveCfg = Release|Any CPU
		{FF60B557-89C7-406D-AD2D-6F9FE081667D}.Release|x86.Build.0 = Release|Any CPU
		{44FF94A3-FF6F-4EF6-AE33-DEBDE307888B}.Debug|Any CPU.ActiveCfg = Debug|Any CPU
		{44FF94A3-FF6F-4EF6-AE33-DEBDE307888B}.Debug|Any CPU.Build.0 = Debug|Any CPU
		{44FF94A3-FF6F-4EF6-AE33-DEBDE307888B}.Debug|x86.ActiveCfg = Debug|Any CPU
		{44FF94A3-FF6F-4EF6-AE33-DEBDE307888B}.Debug|x86.Build.0 = Debug|Any CPU
		{44FF94A3-FF6F-4EF6-AE33-DEBDE307888B}.Release|Any CPU.ActiveCfg = Release|Any CPU
		{44FF94A3-FF6F-4EF6-AE33-DEBDE307888B}.Release|Any CPU.Build.0 = Release|Any CPU
		{44FF94A3-FF6F-4EF6-AE33-DEBDE307888B}.Release|x86.ActiveCfg = Release|Any CPU
		{44FF94A3-FF6F-4EF6-AE33-DEBDE307888B}.Release|x86.Build.0 = Release|Any CPU
		{A80372FF-0FC7-4193-8935-FE0EDE5EEDED}.Debug|Any CPU.ActiveCfg = Debug|Any CPU
		{A80372FF-0FC7-4193-8935-FE0EDE5EEDED}.Debug|Any CPU.Build.0 = Debug|Any CPU
		{A80372FF-0FC7-4193-8935-FE0EDE5EEDED}.Debug|x86.ActiveCfg = Debug|Any CPU
		{A80372FF-0FC7-4193-8935-FE0EDE5EEDED}.Debug|x86.Build.0 = Debug|Any CPU
		{A80372FF-0FC7-4193-8935-FE0EDE5EEDED}.Release|Any CPU.ActiveCfg = Release|Any CPU
		{A80372FF-0FC7-4193-8935-FE0EDE5EEDED}.Release|Any CPU.Build.0 = Release|Any CPU
		{A80372FF-0FC7-4193-8935-FE0EDE5EEDED}.Release|x86.ActiveCfg = Release|Any CPU
		{A80372FF-0FC7-4193-8935-FE0EDE5EEDED}.Release|x86.Build.0 = Release|Any CPU
		{0F3C9D2B-2CC4-4CFF-BF48-8AE6A9789351}.Debug|Any CPU.ActiveCfg = Debug|Any CPU
		{0F3C9D2B-2CC4-4CFF-BF48-8AE6A9789351}.Debug|Any CPU.Build.0 = Debug|Any CPU
		{0F3C9D2B-2CC4-4CFF-BF48-8AE6A9789351}.Debug|x86.ActiveCfg = Debug|Any CPU
		{0F3C9D2B-2CC4-4CFF-BF48-8AE6A9789351}.Debug|x86.Build.0 = Debug|Any CPU
		{0F3C9D2B-2CC4-4CFF-BF48-8AE6A9789351}.Release|Any CPU.ActiveCfg = Release|Any CPU
		{0F3C9D2B-2CC4-4CFF-BF48-8AE6A9789351}.Release|Any CPU.Build.0 = Release|Any CPU
		{0F3C9D2B-2CC4-4CFF-BF48-8AE6A9789351}.Release|x86.ActiveCfg = Release|Any CPU
		{0F3C9D2B-2CC4-4CFF-BF48-8AE6A9789351}.Release|x86.Build.0 = Release|Any CPU
		{E068C63B-80D9-43DA-A421-67DBFB73FB73}.Debug|Any CPU.ActiveCfg = Debug|Any CPU
		{E068C63B-80D9-43DA-A421-67DBFB73FB73}.Debug|Any CPU.Build.0 = Debug|Any CPU
		{E068C63B-80D9-43DA-A421-67DBFB73FB73}.Debug|x86.ActiveCfg = Debug|Any CPU
		{E068C63B-80D9-43DA-A421-67DBFB73FB73}.Debug|x86.Build.0 = Debug|Any CPU
		{E068C63B-80D9-43DA-A421-67DBFB73FB73}.Release|Any CPU.ActiveCfg = Release|Any CPU
		{E068C63B-80D9-43DA-A421-67DBFB73FB73}.Release|Any CPU.Build.0 = Release|Any CPU
		{E068C63B-80D9-43DA-A421-67DBFB73FB73}.Release|x86.ActiveCfg = Release|Any CPU
		{E068C63B-80D9-43DA-A421-67DBFB73FB73}.Release|x86.Build.0 = Release|Any CPU
		{694471A0-4460-4C8E-83A2-27481CFA39F8}.Debug|Any CPU.ActiveCfg = Debug|Any CPU
		{694471A0-4460-4C8E-83A2-27481CFA39F8}.Debug|Any CPU.Build.0 = Debug|Any CPU
		{694471A0-4460-4C8E-83A2-27481CFA39F8}.Debug|x86.ActiveCfg = Debug|Any CPU
		{694471A0-4460-4C8E-83A2-27481CFA39F8}.Debug|x86.Build.0 = Debug|Any CPU
		{694471A0-4460-4C8E-83A2-27481CFA39F8}.Release|Any CPU.ActiveCfg = Release|Any CPU
		{694471A0-4460-4C8E-83A2-27481CFA39F8}.Release|Any CPU.Build.0 = Release|Any CPU
		{694471A0-4460-4C8E-83A2-27481CFA39F8}.Release|x86.ActiveCfg = Release|Any CPU
		{694471A0-4460-4C8E-83A2-27481CFA39F8}.Release|x86.Build.0 = Release|Any CPU
		{9D9ACD0A-7212-434D-8FF2-014A2DE83A7B}.Debug|Any CPU.ActiveCfg = Debug|Any CPU
		{9D9ACD0A-7212-434D-8FF2-014A2DE83A7B}.Debug|Any CPU.Build.0 = Debug|Any CPU
		{9D9ACD0A-7212-434D-8FF2-014A2DE83A7B}.Debug|x86.ActiveCfg = Debug|Any CPU
		{9D9ACD0A-7212-434D-8FF2-014A2DE83A7B}.Debug|x86.Build.0 = Debug|Any CPU
		{9D9ACD0A-7212-434D-8FF2-014A2DE83A7B}.Release|Any CPU.ActiveCfg = Release|Any CPU
		{9D9ACD0A-7212-434D-8FF2-014A2DE83A7B}.Release|Any CPU.Build.0 = Release|Any CPU
		{9D9ACD0A-7212-434D-8FF2-014A2DE83A7B}.Release|x86.ActiveCfg = Release|Any CPU
		{9D9ACD0A-7212-434D-8FF2-014A2DE83A7B}.Release|x86.Build.0 = Release|Any CPU
		{942BA435-458C-4445-AD8A-9130935B5F2A}.Debug|Any CPU.ActiveCfg = Debug|Any CPU
		{942BA435-458C-4445-AD8A-9130935B5F2A}.Debug|Any CPU.Build.0 = Debug|Any CPU
		{942BA435-458C-4445-AD8A-9130935B5F2A}.Debug|x86.ActiveCfg = Debug|Any CPU
		{942BA435-458C-4445-AD8A-9130935B5F2A}.Debug|x86.Build.0 = Debug|Any CPU
		{942BA435-458C-4445-AD8A-9130935B5F2A}.Release|Any CPU.ActiveCfg = Release|Any CPU
		{942BA435-458C-4445-AD8A-9130935B5F2A}.Release|Any CPU.Build.0 = Release|Any CPU
		{942BA435-458C-4445-AD8A-9130935B5F2A}.Release|x86.ActiveCfg = Release|Any CPU
		{942BA435-458C-4445-AD8A-9130935B5F2A}.Release|x86.Build.0 = Release|Any CPU
		{40E00B01-3ED2-417C-BBAA-58D6C9EAC48F}.Debug|Any CPU.ActiveCfg = Debug|Any CPU
		{40E00B01-3ED2-417C-BBAA-58D6C9EAC48F}.Debug|Any CPU.Build.0 = Debug|Any CPU
		{40E00B01-3ED2-417C-BBAA-58D6C9EAC48F}.Debug|x86.ActiveCfg = Debug|Any CPU
		{40E00B01-3ED2-417C-BBAA-58D6C9EAC48F}.Debug|x86.Build.0 = Debug|Any CPU
		{40E00B01-3ED2-417C-BBAA-58D6C9EAC48F}.Release|Any CPU.ActiveCfg = Release|Any CPU
		{40E00B01-3ED2-417C-BBAA-58D6C9EAC48F}.Release|Any CPU.Build.0 = Release|Any CPU
		{40E00B01-3ED2-417C-BBAA-58D6C9EAC48F}.Release|x86.ActiveCfg = Release|Any CPU
		{40E00B01-3ED2-417C-BBAA-58D6C9EAC48F}.Release|x86.Build.0 = Release|Any CPU
		{72BF8E2B-D3C1-4B84-9EF0-8E84F5CC95F1}.Debug|Any CPU.ActiveCfg = Debug|Any CPU
		{72BF8E2B-D3C1-4B84-9EF0-8E84F5CC95F1}.Debug|Any CPU.Build.0 = Debug|Any CPU
		{72BF8E2B-D3C1-4B84-9EF0-8E84F5CC95F1}.Debug|x86.ActiveCfg = Debug|Any CPU
		{72BF8E2B-D3C1-4B84-9EF0-8E84F5CC95F1}.Debug|x86.Build.0 = Debug|Any CPU
		{72BF8E2B-D3C1-4B84-9EF0-8E84F5CC95F1}.Release|Any CPU.ActiveCfg = Release|Any CPU
		{72BF8E2B-D3C1-4B84-9EF0-8E84F5CC95F1}.Release|Any CPU.Build.0 = Release|Any CPU
		{72BF8E2B-D3C1-4B84-9EF0-8E84F5CC95F1}.Release|x86.ActiveCfg = Release|Any CPU
		{72BF8E2B-D3C1-4B84-9EF0-8E84F5CC95F1}.Release|x86.Build.0 = Release|Any CPU
		{E1ABFA86-8719-4A28-8717-288BC43776AB}.Debug|Any CPU.ActiveCfg = Debug|Any CPU
		{E1ABFA86-8719-4A28-8717-288BC43776AB}.Debug|Any CPU.Build.0 = Debug|Any CPU
		{E1ABFA86-8719-4A28-8717-288BC43776AB}.Debug|x86.ActiveCfg = Debug|Any CPU
		{E1ABFA86-8719-4A28-8717-288BC43776AB}.Debug|x86.Build.0 = Debug|Any CPU
		{E1ABFA86-8719-4A28-8717-288BC43776AB}.Release|Any CPU.ActiveCfg = Release|Any CPU
		{E1ABFA86-8719-4A28-8717-288BC43776AB}.Release|Any CPU.Build.0 = Release|Any CPU
		{E1ABFA86-8719-4A28-8717-288BC43776AB}.Release|x86.ActiveCfg = Release|Any CPU
		{E1ABFA86-8719-4A28-8717-288BC43776AB}.Release|x86.Build.0 = Release|Any CPU
		{7B3E380A-6DCA-4DE1-BC62-868B17CDEF3C}.Debug|Any CPU.ActiveCfg = Debug|Any CPU
		{7B3E380A-6DCA-4DE1-BC62-868B17CDEF3C}.Debug|Any CPU.Build.0 = Debug|Any CPU
		{7B3E380A-6DCA-4DE1-BC62-868B17CDEF3C}.Debug|x86.ActiveCfg = Debug|Any CPU
		{7B3E380A-6DCA-4DE1-BC62-868B17CDEF3C}.Debug|x86.Build.0 = Debug|Any CPU
		{7B3E380A-6DCA-4DE1-BC62-868B17CDEF3C}.Release|Any CPU.ActiveCfg = Release|Any CPU
		{7B3E380A-6DCA-4DE1-BC62-868B17CDEF3C}.Release|Any CPU.Build.0 = Release|Any CPU
		{7B3E380A-6DCA-4DE1-BC62-868B17CDEF3C}.Release|x86.ActiveCfg = Release|Any CPU
		{7B3E380A-6DCA-4DE1-BC62-868B17CDEF3C}.Release|x86.Build.0 = Release|Any CPU
		{002AC930-3299-489E-8451-EEC751D951DC}.Debug|Any CPU.ActiveCfg = Debug|Any CPU
		{002AC930-3299-489E-8451-EEC751D951DC}.Debug|Any CPU.Build.0 = Debug|Any CPU
		{002AC930-3299-489E-8451-EEC751D951DC}.Debug|x86.ActiveCfg = Debug|Any CPU
		{002AC930-3299-489E-8451-EEC751D951DC}.Debug|x86.Build.0 = Debug|Any CPU
		{002AC930-3299-489E-8451-EEC751D951DC}.Release|Any CPU.ActiveCfg = Release|Any CPU
		{002AC930-3299-489E-8451-EEC751D951DC}.Release|Any CPU.Build.0 = Release|Any CPU
		{002AC930-3299-489E-8451-EEC751D951DC}.Release|x86.ActiveCfg = Release|Any CPU
		{002AC930-3299-489E-8451-EEC751D951DC}.Release|x86.Build.0 = Release|Any CPU
		{A9939B77-7C73-40A1-B4FD-8A660367B9BC}.Debug|Any CPU.ActiveCfg = Debug|Any CPU
		{A9939B77-7C73-40A1-B4FD-8A660367B9BC}.Debug|Any CPU.Build.0 = Debug|Any CPU
		{A9939B77-7C73-40A1-B4FD-8A660367B9BC}.Debug|x86.ActiveCfg = Debug|Any CPU
		{A9939B77-7C73-40A1-B4FD-8A660367B9BC}.Debug|x86.Build.0 = Debug|Any CPU
		{A9939B77-7C73-40A1-B4FD-8A660367B9BC}.Release|Any CPU.ActiveCfg = Release|Any CPU
		{A9939B77-7C73-40A1-B4FD-8A660367B9BC}.Release|Any CPU.Build.0 = Release|Any CPU
		{A9939B77-7C73-40A1-B4FD-8A660367B9BC}.Release|x86.ActiveCfg = Release|Any CPU
		{A9939B77-7C73-40A1-B4FD-8A660367B9BC}.Release|x86.Build.0 = Release|Any CPU
		{8E534491-55C9-40CF-9CF6-87924D8844B8}.Debug|Any CPU.ActiveCfg = Debug|Any CPU
		{8E534491-55C9-40CF-9CF6-87924D8844B8}.Debug|Any CPU.Build.0 = Debug|Any CPU
		{8E534491-55C9-40CF-9CF6-87924D8844B8}.Debug|x86.ActiveCfg = Debug|Any CPU
		{8E534491-55C9-40CF-9CF6-87924D8844B8}.Debug|x86.Build.0 = Debug|Any CPU
		{8E534491-55C9-40CF-9CF6-87924D8844B8}.Release|Any CPU.ActiveCfg = Release|Any CPU
		{8E534491-55C9-40CF-9CF6-87924D8844B8}.Release|Any CPU.Build.0 = Release|Any CPU
		{8E534491-55C9-40CF-9CF6-87924D8844B8}.Release|x86.ActiveCfg = Release|Any CPU
		{8E534491-55C9-40CF-9CF6-87924D8844B8}.Release|x86.Build.0 = Release|Any CPU
		{3D7126F5-E959-4C2D-9DE8-D1BA10F58819}.Debug|Any CPU.ActiveCfg = Debug|Any CPU
		{3D7126F5-E959-4C2D-9DE8-D1BA10F58819}.Debug|Any CPU.Build.0 = Debug|Any CPU
		{3D7126F5-E959-4C2D-9DE8-D1BA10F58819}.Debug|x86.ActiveCfg = Debug|Any CPU
		{3D7126F5-E959-4C2D-9DE8-D1BA10F58819}.Debug|x86.Build.0 = Debug|Any CPU
		{3D7126F5-E959-4C2D-9DE8-D1BA10F58819}.Release|Any CPU.ActiveCfg = Release|Any CPU
		{3D7126F5-E959-4C2D-9DE8-D1BA10F58819}.Release|Any CPU.Build.0 = Release|Any CPU
		{3D7126F5-E959-4C2D-9DE8-D1BA10F58819}.Release|x86.ActiveCfg = Release|Any CPU
		{3D7126F5-E959-4C2D-9DE8-D1BA10F58819}.Release|x86.Build.0 = Release|Any CPU
		{F8E6CFC6-0D51-41B1-A715-CEBEB177206E}.Debug|Any CPU.ActiveCfg = Debug|Any CPU
		{F8E6CFC6-0D51-41B1-A715-CEBEB177206E}.Debug|Any CPU.Build.0 = Debug|Any CPU
		{F8E6CFC6-0D51-41B1-A715-CEBEB177206E}.Debug|x86.ActiveCfg = Debug|Any CPU
		{F8E6CFC6-0D51-41B1-A715-CEBEB177206E}.Debug|x86.Build.0 = Debug|Any CPU
		{F8E6CFC6-0D51-41B1-A715-CEBEB177206E}.Release|Any CPU.ActiveCfg = Release|Any CPU
		{F8E6CFC6-0D51-41B1-A715-CEBEB177206E}.Release|Any CPU.Build.0 = Release|Any CPU
		{F8E6CFC6-0D51-41B1-A715-CEBEB177206E}.Release|x86.ActiveCfg = Release|Any CPU
		{F8E6CFC6-0D51-41B1-A715-CEBEB177206E}.Release|x86.Build.0 = Release|Any CPU
	EndGlobalSection
	GlobalSection(SolutionProperties) = preSolution
		HideSolutionNode = FALSE
	EndGlobalSection
	GlobalSection(ExtensibilityGlobals) = postSolution
		SolutionGuid = {B1302005-300E-4625-8476-E867BFF9E19E}
	EndGlobalSection
EndGlobal
